
Microsoft Visual Studio Solution File, Format Version 12.00
# Visual Studio 15
VisualStudioVersion = 15.0.28307.168
MinimumVisualStudioVersion = 10.0.40219.1
Project("{FAE04EC0-301F-11D3-BF4B-00C04F79EFBC}") = "Update", "update\Update.csproj", "{E463CE8A-7AEF-489D-B0ED-E44D525929E5}"
EndProject
Project("{FAE04EC0-301F-11D3-BF4B-00C04F79EFBC}") = "UpdateUpload", "UpdateUpload\UpdateUpload.csproj", "{C7EC9D33-CE10-438B-BA28-4F30AABF7C74}"
EndProject
Global
	GlobalSection(SolutionConfigurationPlatforms) = preSolution
		Debug|Any CPU = Debug|Any CPU
		Release|Any CPU = Release|Any CPU
	EndGlobalSection
	GlobalSection(ProjectConfigurationPlatforms) = postSolution
		{E463CE8A-7AEF-489D-B0ED-E44D525929E5}.Debug|Any CPU.ActiveCfg = Debug|Any CPU
		{E463CE8A-7AEF-489D-B0ED-E44D525929E5}.Debug|Any CPU.Build.0 = Debug|Any CPU
		{E463CE8A-7AEF-489D-B0ED-E44D525929E5}.Release|Any CPU.ActiveCfg = Release|Any CPU
		{E463CE8A-7AEF-489D-B0ED-E44D525929E5}.Release|Any CPU.Build.0 = Release|Any CPU
		{C7EC9D33-CE10-438B-BA28-4F30AABF7C74}.Debug|Any CPU.ActiveCfg = Debug|Any CPU
		{C7EC9D33-CE10-438B-BA28-4F30AABF7C74}.Debug|Any CPU.Build.0 = Debug|Any CPU
		{C7EC9D33-CE10-438B-BA28-4F30AABF7C74}.Release|Any CPU.ActiveCfg = Release|Any CPU
		{C7EC9D33-CE10-438B-BA28-4F30AABF7C74}.Release|Any CPU.Build.0 = Release|Any CPU
	EndGlobalSection
	GlobalSection(SolutionProperties) = preSolution
		HideSolutionNode = FALSE
	EndGlobalSection
	GlobalSection(ExtensibilityGlobals) = postSolution
		SolutionGuid = {87559D7F-3060-4CA0-BBFD-9F7769098152}
	EndGlobalSection
EndGlobal
